
Microsoft Visual Studio Solution File, Format Version 12.00
# Visual Studio Version 16
VisualStudioVersion = 16.0.31025.194
MinimumVisualStudioVersion = 10.0.40219.1
Project("{FAE04EC0-301F-11D3-BF4B-00C04F79EFBC}") = "IntroCookieBOLIS", "IntroCookieBOLIS\IntroCookieBOLIS.csproj", "{5A5A74CE-67CF-4BA6-A234-233CFDF18D82}"
EndProject
Global
	GlobalSection(SolutionConfigurationPlatforms) = preSolution
		Debug|Any CPU = Debug|Any CPU
		Release|Any CPU = Release|Any CPU
	EndGlobalSection
	GlobalSection(ProjectConfigurationPlatforms) = postSolution
		{5A5A74CE-67CF-4BA6-A234-233CFDF18D82}.Debug|Any CPU.ActiveCfg = Debug|Any CPU
		{5A5A74CE-67CF-4BA6-A234-233CFDF18D82}.Debug|Any CPU.Build.0 = Debug|Any CPU
		{5A5A74CE-67CF-4BA6-A234-233CFDF18D82}.Release|Any CPU.ActiveCfg = Release|Any CPU
		{5A5A74CE-67CF-4BA6-A234-233CFDF18D82}.Release|Any CPU.Build.0 = Release|Any CPU
	EndGlobalSection
	GlobalSection(SolutionProperties) = preSolution
		HideSolutionNode = FALSE
	EndGlobalSection
	GlobalSection(ExtensibilityGlobals) = postSolution
		SolutionGuid = {BE33578F-EE4A-47FF-B596-69813A6CDD37}
	EndGlobalSection
EndGlobal
